
Microsoft Visual Studio Solution File, Format Version 12.00
# Visual Studio Version 17
VisualStudioVersion = 17.5.33103.201
MinimumVisualStudioVersion = 10.0.40219.1
Project("{FAE04EC0-301F-11D3-BF4B-00C04F79EFBC}") = "Custom_BarChart", "Custom_BarChart\Custom_BarChart.csproj", "{87B82981-0014-431C-A408-06FF4414A59F}"
EndProject
Global
	GlobalSection(SolutionConfigurationPlatforms) = preSolution
		Debug|Any CPU = Debug|Any CPU
		Release|Any CPU = Release|Any CPU
	EndGlobalSection
	GlobalSection(ProjectConfigurationPlatforms) = postSolution
		{87B82981-0014-431C-A408-06FF4414A59F}.Debug|Any CPU.ActiveCfg = Debug|Any CPU
		{87B82981-0014-431C-A408-06FF4414A59F}.Debug|Any CPU.Build.0 = Debug|Any CPU
		{87B82981-0014-431C-A408-06FF4414A59F}.Release|Any CPU.ActiveCfg = Release|Any CPU
		{87B82981-0014-431C-A408-06FF4414A59F}.Release|Any CPU.Build.0 = Release|Any CPU
	EndGlobalSection
	GlobalSection(SolutionProperties) = preSolution
		HideSolutionNode = FALSE
	EndGlobalSection
	GlobalSection(ExtensibilityGlobals) = postSolution
		SolutionGuid = {D478ED6F-2D05-4CF3-AFB6-F029CBE896C3}
	EndGlobalSection
EndGlobal
